
Microsoft Visual Studio Solution File, Format Version 12.00
# Visual Studio 15
VisualStudioVersion = 15.0.28307.1525
MinimumVisualStudioVersion = 10.0.40219.1
Project("{FAE04EC0-301F-11D3-BF4B-00C04F79EFBC}") = "CustomerService", "CustomerService\CustomerService.csproj", "{B0614CE9-90A8-4A31-8135-8D773776CCA6}"
EndProject
Global
	GlobalSection(SolutionConfigurationPlatforms) = preSolution
		Debug|Any CPU = Debug|Any CPU
		Release|Any CPU = Release|Any CPU
	EndGlobalSection
	GlobalSection(ProjectConfigurationPlatforms) = postSolution
		{B0614CE9-90A8-4A31-8135-8D773776CCA6}.Debug|Any CPU.ActiveCfg = Debug|Any CPU
		{B0614CE9-90A8-4A31-8135-8D773776CCA6}.Debug|Any CPU.Build.0 = Debug|Any CPU
		{B0614CE9-90A8-4A31-8135-8D773776CCA6}.Release|Any CPU.ActiveCfg = Release|Any CPU
		{B0614CE9-90A8-4A31-8135-8D773776CCA6}.Release|Any CPU.Build.0 = Release|Any CPU
	EndGlobalSection
	GlobalSection(SolutionProperties) = preSolution
		HideSolutionNode = FALSE
	EndGlobalSection
	GlobalSection(ExtensibilityGlobals) = postSolution
		SolutionGuid = {08384215-8896-4036-8798-B24BAA219D57}
	EndGlobalSection
EndGlobal
